PODS:
  - AFNetworking (3.2.1):
    - AFNetworking/NSURLSession (= 3.2.1)
    - AFNetworking/Reachability (= 3.2.1)
    - AFNetworking/Security (= 3.2.1)
    - AFNetworking/Serialization (= 3.2.1)
    - AFNetworking/UIKit (= 3.2.1)
  - AFNetworking/NSURLSession (3.2.1):
    - AFNetworking/Reachability
    - AFNetworking/Security
    - AFNetworking/Serialization
  - AFNetworking/Reachability (3.2.1)
  - AFNetworking/Security (3.2.1)
  - AFNetworking/Serialization (3.2.1)
  - AFNetworking/UIKit (3.2.1):
    - AFNetworking/NSURLSession
  - FMDB (2.7.5):
    - FMDB/standard (= 2.7.5)
  - FMDB/standard (2.7.5)
  - Masonry (1.1.0)
  - MJExtension (3.1.1)
  - MJRefresh (3.2.0)
  - RongCloudIM/IMKit (2.9.22):
    - RongCloudIM/IMLib
  - RongCloudIM/IMLib (2.9.22)
  - SDWebImage (5.1.0):
    - SDWebImage/Core (= 5.1.0)
  - SDWebImage/Core (5.1.0)
  - SVProgressHUD (2.2.5)

DEPENDENCIES:
  - AFNetworking
  - FMDB
  - Masonry
  - MJExtension
  - MJRefresh
  - RongCloudIM/IMKit
  - RongCloudIM/IMLib
  - SDWebImage
  - SVProgressHUD

SPEC REPOS:
  https://github.com/cocoapods/specs.git:
    - AFNetworking
    - FMDB
    - Masonry
    - MJExtension
    - MJRefresh
    - RongCloudIM
    - SDWebImage
    - SVProgressHUD

SPEC CHECKSUMS:
  AFNetworking: b6f891fdfaed196b46c7a83cf209e09697b94057
  FMDB: 2ce00b547f966261cd18927a3ddb07cb6f3db82a
  Masonry: 678fab65091a9290e40e2832a55e7ab731aad201
  MJExtension: dfef9855ee178e1ce67f3e03b71ca4226330d87d
  MJRefresh: ed450d6eb9d3346a2cb033ab7eb6de090aeef437
  RongCloudIM: c1a917d3f109122fe8fdd96f2784d81847a0fa94
  SDWebImage: fb387001955223213dde14bc08c8b73f371f8d8f
  SVProgressHUD: 1428aafac632c1f86f62aa4243ec12008d7a51d6

PODFILE CHECKSUM: fb3bdc6f91c86ac0834b5e212ff21920e807acc5

COCOAPODS: 1.7.3
